Microsoft Visual Studio Solution File, Format Version 12.00
# Visual Studio Version 17
VisualStudioVersion = 17.5.2.0
MinimumVisualStudioVersion = 10.0.40219.1
Project("{FAE04EC0-301F-11D3-BF4B-00C04F79EFBC}") = "MakeHasteApp", "MakeHasteApp.csproj", "{3F71F0DE-52D7-4929-4675-2DF65178B72B}"
EndProject
Global
	GlobalSection(SolutionConfigurationPlatforms) = preSolution
		Debug|Any CPU = Debug|Any CPU
		Release|Any CPU = Release|Any CPU
	EndGlobalSection
	GlobalSection(ProjectConfigurationPlatforms) = postSolution
		{3F71F0DE-52D7-4929-4675-2DF65178B72B}.Debug|Any CPU.ActiveCfg = Debug|Any CPU
		{3F71F0DE-52D7-4929-4675-2DF65178B72B}.Debug|Any CPU.Build.0 = Debug|Any CPU
		{3F71F0DE-52D7-4929-4675-2DF65178B72B}.Release|Any CPU.ActiveCfg = Release|Any CPU
		{3F71F0DE-52D7-4929-4675-2DF65178B72B}.Release|Any CPU.Build.0 = Release|Any CPU
	EndGlobalSection
	GlobalSection(SolutionProperties) = preSolution
		HideSolutionNode = FALSE
	EndGlobalSection
	GlobalSection(ExtensibilityGlobals) = postSolution
		SolutionGuid = {4681763E-FBCB-4CC3-BF40-781D717FD89F}
	EndGlobalSection
EndGlobal
